
Microsoft Visual Studio Solution File, Format Version 12.00
# Visual Studio 15
VisualStudioVersion = 15.0.27130.2020
MinimumVisualStudioVersion = 10.0.40219.1
Project("{FAE04EC0-301F-11D3-BF4B-00C04F79EFBC}") = "ZzaDashboard", "ZzaDashboard\ZzaDashboard.csproj", "{B4BAF275-1AAD-408E-AC04-1DBE32FD855E}"
EndProject
Project("{FAE04EC0-301F-11D3-BF4B-00C04F79EFBC}") = "Zza.Data", "Zza.Data\Zza.Data.csproj", "{BB1E80DE-E6D1-4E29-BC2D-DB66B81163C5}"
EndProject
Project("{FAE04EC0-301F-11D3-BF4B-00C04F79EFBC}") = "ZzaDashboard.Demo", "ZzaDashboard.Demo\ZzaDashboard.Demo.csproj", "{6D1D1757-A94F-4B33-9735-773AEFB00726}"
EndProject
Project("{FAE04EC0-301F-11D3-BF4B-00C04F79EFBC}") = "ZzaDashboard.Logic", "ZzaDashboard.Logic\ZzaDashboard.Logic.csproj", "{25FA7D81-ED4B-4448-8544-B7990586C686}"
EndProject
Project("{FAE04EC0-301F-11D3-BF4B-00C04F79EFBC}") = "ZzaDashboard.Shared", "ZzaDashboard.Shared\ZzaDashboard.Shared.csproj", "{1C063D5E-C9E3-4676-9230-7CF92A83EDFE}"
EndProject
Project("{FAE04EC0-301F-11D3-BF4B-00C04F79EFBC}") = "ZzaDesktop.UI", "ZzaDesktop.UI\ZzaDesktop.UI.csproj", "{A1F95232-955A-4951-8053-B10AFB4DB370}"
EndProject
Project("{2150E333-8FDC-42A3-9474-1A3956D46DE8}") = "Solution Items", "Solution Items", "{4E20D3FA-AF41-4201-8A8E-89B7CB246AA4}"
	ProjectSection(SolutionItems) = preProject
		IocNotes.txt = IocNotes.txt
	EndProjectSection
EndProject
Global
	GlobalSection(SolutionConfigurationPlatforms) = preSolution
		Debug|Any CPU = Debug|Any CPU
		Release|Any CPU = Release|Any CPU
	EndGlobalSection
	GlobalSection(ProjectConfigurationPlatforms) = postSolution
		{B4BAF275-1AAD-408E-AC04-1DBE32FD855E}.Debug|Any CPU.ActiveCfg = Debug|Any CPU
		{B4BAF275-1AAD-408E-AC04-1DBE32FD855E}.Debug|Any CPU.Build.0 = Debug|Any CPU
		{B4BAF275-1AAD-408E-AC04-1DBE32FD855E}.Release|Any CPU.ActiveCfg = Release|Any CPU
		{B4BAF275-1AAD-408E-AC04-1DBE32FD855E}.Release|Any CPU.Build.0 = Release|Any CPU
		{BB1E80DE-E6D1-4E29-BC2D-DB66B81163C5}.Debug|Any CPU.ActiveCfg = Debug|Any CPU
		{BB1E80DE-E6D1-4E29-BC2D-DB66B81163C5}.Debug|Any CPU.Build.0 = Debug|Any CPU
		{BB1E80DE-E6D1-4E29-BC2D-DB66B81163C5}.Release|Any CPU.ActiveCfg = Release|Any CPU
		{BB1E80DE-E6D1-4E29-BC2D-DB66B81163C5}.Release|Any CPU.Build.0 = Release|Any CPU
		{6D1D1757-A94F-4B33-9735-773AEFB00726}.Debug|Any CPU.ActiveCfg = Debug|Any CPU
		{6D1D1757-A94F-4B33-9735-773AEFB00726}.Debug|Any CPU.Build.0 = Debug|Any CPU
		{6D1D1757-A94F-4B33-9735-773AEFB00726}.Release|Any CPU.ActiveCfg = Release|Any CPU
		{6D1D1757-A94F-4B33-9735-773AEFB00726}.Release|Any CPU.Build.0 = Release|Any CPU
		{25FA7D81-ED4B-4448-8544-B7990586C686}.Debug|Any CPU.ActiveCfg = Debug|Any CPU
		{25FA7D81-ED4B-4448-8544-B7990586C686}.Debug|Any CPU.Build.0 = Debug|Any CPU
		{25FA7D81-ED4B-4448-8544-B7990586C686}.Release|Any CPU.ActiveCfg = Release|Any CPU
		{25FA7D81-ED4B-4448-8544-B7990586C686}.Release|Any CPU.Build.0 = Release|Any CPU
		{1C063D5E-C9E3-4676-9230-7CF92A83EDFE}.Debug|Any CPU.ActiveCfg = Debug|Any CPU
		{1C063D5E-C9E3-4676-9230-7CF92A83EDFE}.Debug|Any CPU.Build.0 = Debug|Any CPU
		{1C063D5E-C9E3-4676-9230-7CF92A83EDFE}.Release|Any CPU.ActiveCfg = Release|Any CPU
		{1C063D5E-C9E3-4676-9230-7CF92A83EDFE}.Release|Any CPU.Build.0 = Release|Any CPU
		{A1F95232-955A-4951-8053-B10AFB4DB370}.Debug|Any CPU.ActiveCfg = Debug|Any CPU
		{A1F95232-955A-4951-8053-B10AFB4DB370}.Debug|Any CPU.Build.0 = Debug|Any CPU
		{A1F95232-955A-4951-8053-B10AFB4DB370}.Release|Any CPU.ActiveCfg = Release|Any CPU
		{A1F95232-955A-4951-8053-B10AFB4DB370}.Release|Any CPU.Build.0 = Release|Any CPU
	EndGlobalSection
	GlobalSection(SolutionProperties) = preSolution
		HideSolutionNode = FALSE
	EndGlobalSection
	GlobalSection(ExtensibilityGlobals) = postSolution
		SolutionGuid = {5D0F0623-1D15-4103-BFBE-29A091EB6148}
	EndGlobalSection
EndGlobal
